
Microsoft Visual Studio Solution File, Format Version 12.00
# Visual Studio Version 16
VisualStudioVersion = 16.0.31321.278
MinimumVisualStudioVersion = 10.0.40219.1
Project("{FAE04EC0-301F-11D3-BF4B-00C04F79EFBC}") = "zoo-manager-tests", "zoo-manager-tests\zoo-manager-tests.csproj", "{26FF5535-C0B4-4FB8-8372-08BD06EA28CA}"
EndProject
Project("{9A19103F-16F7-4668-BE54-9A1E7A4F7556}") = "zoo-manager-backend", "..\zoo-manager-backend\zoo-manager-backend.csproj", "{FF1CE36F-8192-4D2C-B230-85D22DBA006E}"
EndProject
Global
	GlobalSection(SolutionConfigurationPlatforms) = preSolution
		Debug|Any CPU = Debug|Any CPU
		Release|Any CPU = Release|Any CPU
	EndGlobalSection
	GlobalSection(ProjectConfigurationPlatforms) = postSolution
		{26FF5535-C0B4-4FB8-8372-08BD06EA28CA}.Debug|Any CPU.ActiveCfg = Debug|Any CPU
		{26FF5535-C0B4-4FB8-8372-08BD06EA28CA}.Debug|Any CPU.Build.0 = Debug|Any CPU
		{26FF5535-C0B4-4FB8-8372-08BD06EA28CA}.Release|Any CPU.ActiveCfg = Release|Any CPU
		{26FF5535-C0B4-4FB8-8372-08BD06EA28CA}.Release|Any CPU.Build.0 = Release|Any CPU
		{FF1CE36F-8192-4D2C-B230-85D22DBA006E}.Debug|Any CPU.ActiveCfg = Debug|Any CPU
		{FF1CE36F-8192-4D2C-B230-85D22DBA006E}.Debug|Any CPU.Build.0 = Debug|Any CPU
		{FF1CE36F-8192-4D2C-B230-85D22DBA006E}.Release|Any CPU.ActiveCfg = Release|Any CPU
		{FF1CE36F-8192-4D2C-B230-85D22DBA006E}.Release|Any CPU.Build.0 = Release|Any CPU
	EndGlobalSection
	GlobalSection(SolutionProperties) = preSolution
		HideSolutionNode = FALSE
	EndGlobalSection
	GlobalSection(ExtensibilityGlobals) = postSolution
		SolutionGuid = {4A35D4EE-95FD-4562-A192-838398821226}
	EndGlobalSection
EndGlobal
